{
  "name": "reselect-selectors",
  "version": "1.0.0",
  "lockfileVersion": 1,
  "requires": true,
  "dependencies": {
    "idhash": {
      "version": "2.0.0",
      "resolved": "https://registry.npmjs.org/idhash/-/idhash-2.0.0.tgz",
      "integrity": "sha512-XN4ndasUhVlXwzwqpXWoO3nUAydhgBoPcVG8Pqz3p7qbCA1fVMlIz+hgYFQgbsq83Oxq0s497ejPZRUkWJ6t7Q==",
      "requires": {
        "is-plain-object": "2.0.1"
      },
      "dependencies": {
        "is-plain-object": {
          "version": "2.0.1",
          "resolved": "https://registry.npmjs.org/is-plain-object/-/is-plain-object-2.0.1.tgz",
          "integrity": "sha1-TXylObydubc3uKy2EvIxjvkvKU8=",
          "requires": {
            "isobject": "^1.0.0"
          }
        }
      }
    },
    "is-plain-object": {
      "version": "2.0.4",
      "resolved": "https://registry.npmjs.org/is-plain-object/-/is-plain-object-2.0.4.tgz",
      "integrity": "sha512-h5PpgXkWitc38BBMYawTYMWJHFZJVnBquFE57xFpjB8pJFiF6gZ+bU+WyI/yqXiFR5mdLsgYNaPe8uao6Uv9Og==",
      "requires": {
        "isobject": "^3.0.1"
      },
      "dependencies": {
        "isobject": {
          "version": "3.0.1",
          "resolved": "https://registry.npmjs.org/isobject/-/isobject-3.0.1.tgz",
          "integrity": "sha1-TkMekrEalzFjaqH5yNHMvP2reN8="
        }
      }
    },
    "isobject": {
      "version": "1.0.2",
      "resolved": "https://registry.npmjs.org/isobject/-/isobject-1.0.2.tgz",
      "integrity": "sha1-8Pm4zpLdVA+gdAiC44NaLgIux4o="
    },
    "lodash.get": {
      "version": "4.4.2",
      "resolved": "https://registry.npmjs.org/lodash.get/-/lodash.get-4.4.2.tgz",
      "integrity": "sha1-LRd/ZS+jHpObRDjVNBSZ36OCXpk="
    },
    "reselect": {
      "version": "4.0.0",
      "resolved": "https://registry.npmjs.org/reselect/-/reselect-4.0.0.tgz",
      "integrity": "sha512-qUgANli03jjAyGlnbYVAV5vvnOmJnODyABz51RdBN7M4WaVu8mecZWgyQNkG8Yqe3KRGRt0l4K4B3XVEULC4CA=="
    }
  }
}
